// !$*UTF8*$!
{
	archiveVersion = 1;
	classes = {
	};
	objectVersion = 56;
	objects = {

/* Begin PBXBuildFile section */
		1121C7CD2BD99FF200C37C40 /* ImageView.swift in Sources */ = {isa = PBXBuildFile; fileRef = 1121C7CC2BD99FF200C37C40 /* ImageView.swift */; };
		1121C7CF2BD9A00100C37C40 /* ImageViewModel.swift in Sources */ = {isa = PBXBuildFile; fileRef = 1121C7CE2BD9A00100C37C40 /* ImageViewModel.swift */; };
		1121C7D22BD9A1BD00C37C40 /* Kingfisher in Frameworks */ = {isa = PBXBuildFile; productRef = 1121C7D12BD9A1BD00C37C40 /* Kingfisher */; };
		1121C7D52BD9C87600C37C40 /* NavigationController.swift in Sources */ = {isa = PBXBuildFile; fileRef = 1121C7D42BD9C87600C37C40 /* NavigationController.swift */; };
		1121C7D82BD9D89B00C37C40 /* StocksViewController.swift in Sources */ = {isa = PBXBuildFile; fileRef = 1121C7D72BD9D89B00C37C40 /* StocksViewController.swift */; };
		1121C7DA2BD9D8C300C37C40 /* StocksViewModel.swift in Sources */ = {isa = PBXBuildFile; fileRef = 1121C7D92BD9D8C300C37C40 /* StocksViewModel.swift */; };
		1156A2422BD448C60029DA44 /* AppDelegate.swift in Sources */ = {isa = PBXBuildFile; fileRef = 1156A2412BD448C60029DA44 /* AppDelegate.swift */; };
		1156A2462BD448C60029DA44 /* QuotesViewController.swift in Sources */ = {isa = PBXBuildFile; fileRef = 1156A2452BD448C60029DA44 /* QuotesViewController.swift */; };
		1156A24B2BD448C80029DA44 /* Assets.xcassets in Resources */ = {isa = PBXBuildFile; fileRef = 1156A24A2BD448C80029DA44 /* Assets.xcassets */; };
		1156A24E2BD448C80029DA44 /* LaunchScreen.storyboard in Resources */ = {isa = PBXBuildFile; fileRef = 1156A24C2BD448C80029DA44 /* LaunchScreen.storyboard */; };
		1156A25D2BD44D7A0029DA44 /* Starscream in Frameworks */ = {isa = PBXBuildFile; productRef = 1156A25C2BD44D7A0029DA44 /* Starscream */; };
		1156A2612BD44E040029DA44 /* WebSocketClient.swift in Sources */ = {isa = PBXBuildFile; fileRef = 1156A2602BD44E040029DA44 /* WebSocketClient.swift */; };
		1156A2682BD477FF0029DA44 /* QuotesService.swift in Sources */ = {isa = PBXBuildFile; fileRef = 1156A2672BD477FF0029DA44 /* QuotesService.swift */; };
		1156A26B2BD478320029DA44 /* QuotesRequest.swift in Sources */ = {isa = PBXBuildFile; fileRef = 1156A26A2BD478320029DA44 /* QuotesRequest.swift */; };
		1156A26D2BD4785C0029DA44 /* Quote.swift in Sources */ = {isa = PBXBuildFile; fileRef = 1156A26C2BD4785C0029DA44 /* Quote.swift */; };
		1156A2702BD479370029DA44 /* List.swift in Sources */ = {isa = PBXBuildFile; fileRef = 1156A26F2BD479370029DA44 /* List.swift */; };
		1156A2722BD58D170029DA44 /* QuotesViewModel.swift in Sources */ = {isa = PBXBuildFile; fileRef = 1156A2712BD58D170029DA44 /* QuotesViewModel.swift */; };
		1156A2752BD5911F0029DA44 /* TabloidView in Frameworks */ = {isa = PBXBuildFile; productRef = 1156A2742BD5911F0029DA44 /* TabloidView */; };
		1156A2782BD5932B0029DA44 /* QuotesTabloidCellView.swift in Sources */ = {isa = PBXBuildFile; fileRef = 1156A2772BD5932B0029DA44 /* QuotesTabloidCellView.swift */; };
		1156A27A2BD593390029DA44 /* QuotesTabloidCellViewModel.swift in Sources */ = {isa = PBXBuildFile; fileRef = 1156A2792BD593390029DA44 /* QuotesTabloidCellViewModel.swift */; };
		1156A27D2BD5A3550029DA44 /* LTPView.swift in Sources */ = {isa = PBXBuildFile; fileRef = 1156A27C2BD5A3550029DA44 /* LTPView.swift */; };
		1156A27F2BD5A4D60029DA44 /* CView.swift in Sources */ = {isa = PBXBuildFile; fileRef = 1156A27E2BD5A4D60029DA44 /* CView.swift */; };
		1156A2812BD5A5490029DA44 /* NameView.swift in Sources */ = {isa = PBXBuildFile; fileRef = 1156A2802BD5A5490029DA44 /* NameView.swift */; };
		1156A2832BD5AB1F0029DA44 /* CHGView.swift in Sources */ = {isa = PBXBuildFile; fileRef = 1156A2822BD5AB1F0029DA44 /* CHGView.swift */; };
		1156A2852BD5AC190029DA44 /* PCPView.swift in Sources */ = {isa = PBXBuildFile; fileRef = 1156A2842BD5AC190029DA44 /* PCPView.swift */; };
		1156A2882BD686770029DA44 /* LTP.swift in Sources */ = {isa = PBXBuildFile; fileRef = 1156A2872BD686770029DA44 /* LTP.swift */; };
		1156A28B2BD695BD0029DA44 /* Array+.swift in Sources */ = {isa = PBXBuildFile; fileRef = 1156A28A2BD695BD0029DA44 /* Array+.swift */; };
/* End PBXBuildFile section */

/* Begin PBXFileReference section */
		1121C7CC2BD99FF200C37C40 /* ImageView.swift */ = {isa = PBXFileReference; lastKnownFileType = sourcecode.swift; path = ImageView.swift; sourceTree = "<group>"; };
		1121C7CE2BD9A00100C37C40 /* ImageViewModel.swift */ = {isa = PBXFileReference; lastKnownFileType = sourcecode.swift; path = ImageViewModel.swift; sourceTree = "<group>"; };
		1121C7D42BD9C87600C37C40 /* NavigationController.swift */ = {isa = PBXFileReference; lastKnownFileType = sourcecode.swift; path = NavigationController.swift; sourceTree = "<group>"; };
		1121C7D72BD9D89B00C37C40 /* StocksViewController.swift */ = {isa = PBXFileReference; lastKnownFileType = sourcecode.swift; path = StocksViewController.swift; sourceTree = "<group>"; };
		1121C7D92BD9D8C300C37C40 /* StocksViewModel.swift */ = {isa = PBXFileReference; lastKnownFileType = sourcecode.swift; path = StocksViewModel.swift; sourceTree = "<group>"; };
		1156A23E2BD448C60029DA44 /* VersionSeven.app */ = {isa = PBXFileReference; explicitFileType = wrapper.application; includeInIndex = 0; path = VersionSeven.app; sourceTree = BUILT_PRODUCTS_DIR; };
		1156A2412BD448C60029DA44 /* AppDelegate.swift */ = {isa = PBXFileReference; lastKnownFileType = sourcecode.swift; path = AppDelegate.swift; sourceTree = "<group>"; };
		1156A2452BD448C60029DA44 /* QuotesViewController.swift */ = {isa = PBXFileReference; lastKnownFileType = sourcecode.swift; path = QuotesViewController.swift; sourceTree = "<group>"; };
		1156A24A2BD448C80029DA44 /* Assets.xcassets */ = {isa = PBXFileReference; lastKnownFileType = folder.assetcatalog; path = Assets.xcassets; sourceTree = "<group>"; };
		1156A24D2BD448C80029DA44 /* Base */ = {isa = PBXFileReference; lastKnownFileType = file.storyboard; name = Base; path = Base.lproj/LaunchScreen.storyboard; sourceTree = "<group>"; };
		1156A24F2BD448C80029DA44 /* Info.plist */ = {isa = PBXFileReference; lastKnownFileType = text.plist.xml; path = Info.plist; sourceTree = "<group>"; };
		1156A2602BD44E040029DA44 /* WebSocketClient.swift */ = {isa = PBXFileReference; lastKnownFileType = sourcecode.swift; path = WebSocketClient.swift; sourceTree = "<group>"; };
		1156A2672BD477FF0029DA44 /* QuotesService.swift */ = {isa = PBXFileReference; lastKnownFileType = sourcecode.swift; path = QuotesService.swift; sourceTree = "<group>"; };
		1156A26A2BD478320029DA44 /* QuotesRequest.swift */ = {isa = PBXFileReference; lastKnownFileType = sourcecode.swift; path = QuotesRequest.swift; sourceTree = "<group>"; };
		1156A26C2BD4785C0029DA44 /* Quote.swift */ = {isa = PBXFileReference; lastKnownFileType = sourcecode.swift; path = Quote.swift; sourceTree = "<group>"; };
		1156A26F2BD479370029DA44 /* List.swift */ = {isa = PBXFileReference; lastKnownFileType = sourcecode.swift; path = List.swift; sourceTree = "<group>"; };
		1156A2712BD58D170029DA44 /* QuotesViewModel.swift */ = {isa = PBXFileReference; lastKnownFileType = sourcecode.swift; path = QuotesViewModel.swift; sourceTree = "<group>"; };
		1156A2772BD5932B0029DA44 /* QuotesTabloidCellView.swift */ = {isa = PBXFileReference; lastKnownFileType = sourcecode.swift; path = QuotesTabloidCellView.swift; sourceTree = "<group>"; };
		1156A2792BD593390029DA44 /* QuotesTabloidCellViewModel.swift */ = {isa = PBXFileReference; lastKnownFileType = sourcecode.swift; path = QuotesTabloidCellViewModel.swift; sourceTree = "<group>"; };
		1156A27C2BD5A3550029DA44 /* LTPView.swift */ = {isa = PBXFileReference; lastKnownFileType = sourcecode.swift; path = LTPView.swift; sourceTree = "<group>"; };
		1156A27E2BD5A4D60029DA44 /* CView.swift */ = {isa = PBXFileReference; lastKnownFileType = sourcecode.swift; path = CView.swift; sourceTree = "<group>"; };
		1156A2802BD5A5490029DA44 /* NameView.swift */ = {isa = PBXFileReference; lastKnownFileType = sourcecode.swift; path = NameView.swift; sourceTree = "<group>"; };
		1156A2822BD5AB1F0029DA44 /* CHGView.swift */ = {isa = PBXFileReference; lastKnownFileType = sourcecode.swift; path = CHGView.swift; sourceTree = "<group>"; };
		1156A2842BD5AC190029DA44 /* PCPView.swift */ = {isa = PBXFileReference; lastKnownFileType = sourcecode.swift; path = PCPView.swift; sourceTree = "<group>"; };
		1156A2872BD686770029DA44 /* LTP.swift */ = {isa = PBXFileReference; lastKnownFileType = sourcecode.swift; path = LTP.swift; sourceTree = "<group>"; };
		1156A28A2BD695BD0029DA44 /* Array+.swift */ = {isa = PBXFileReference; lastKnownFileType = sourcecode.swift; path = "Array+.swift"; sourceTree = "<group>"; };
/* End PBXFileReference section */

/* Begin PBXFrameworksBuildPhase section */
		1156A23B2BD448C60029DA44 /* Frameworks */ = {
			isa = PBXFrameworksBuildPhase;
			buildActionMask = 2147483647;
			files = (
				1121C7D22BD9A1BD00C37C40 /* Kingfisher in Frameworks */,
				1156A25D2BD44D7A0029DA44 /* Starscream in Frameworks */,
				1156A2752BD5911F0029DA44 /* TabloidView in Frameworks */,
			);
			runOnlyForDeploymentPostprocessing = 0;
		};
/* End PBXFrameworksBuildPhase section */

/* Begin PBXGroup section */
		1121C7CB2BD99FE100C37C40 /* Image */ = {
			isa = PBXGroup;
			children = (
				1121C7CE2BD9A00100C37C40 /* ImageViewModel.swift */,
				1121C7CC2BD99FF200C37C40 /* ImageView.swift */,
			);
			path = Image;
			sourceTree = "<group>";
		};
		1121C7D62BD9D88100C37C40 /* Stocks */ = {
			isa = PBXGroup;
			children = (
				1121C7D72BD9D89B00C37C40 /* StocksViewController.swift */,
				1121C7D92BD9D8C300C37C40 /* StocksViewModel.swift */,
			);
			path = Stocks;
			sourceTree = "<group>";
		};
		1156A2352BD448C60029DA44 = {
			isa = PBXGroup;
			children = (
				1156A2402BD448C60029DA44 /* VersionSeven */,
				1156A23F2BD448C60029DA44 /* Products */,
			);
			sourceTree = "<group>";
		};
		1156A23F2BD448C60029DA44 /* Products */ = {
			isa = PBXGroup;
			children = (
				1156A23E2BD448C60029DA44 /* VersionSeven.app */,
			);
			name = Products;
			sourceTree = "<group>";
		};
		1156A2402BD448C60029DA44 /* VersionSeven */ = {
			isa = PBXGroup;
			children = (
				1156A2552BD449DF0029DA44 /* Sources */,
				1156A24F2BD448C80029DA44 /* Info.plist */,
			);
			path = VersionSeven;
			sourceTree = "<group>";
		};
		1156A2552BD449DF0029DA44 /* Sources */ = {
			isa = PBXGroup;
			children = (
				1156A2562BD449E80029DA44 /* Classes */,
				1156A25A2BD44A760029DA44 /* Resources */,
			);
			path = Sources;
			sourceTree = "<group>";
		};
		1156A2562BD449E80029DA44 /* Classes */ = {
			isa = PBXGroup;
			children = (
				1156A2892BD695A70029DA44 /* Extensions */,
				1156A25E2BD44DDC0029DA44 /* Network */,
				1156A2582BD44A390029DA44 /* ViewControllers */,
				1156A27B2BD5A3290029DA44 /* Views */,
				1156A2572BD449EF0029DA44 /* Main */,
			);
			path = Classes;
			sourceTree = "<group>";
		};
		1156A2572BD449EF0029DA44 /* Main */ = {
			isa = PBXGroup;
			children = (
				1156A2412BD448C60029DA44 /* AppDelegate.swift */,
				1121C7D42BD9C87600C37C40 /* NavigationController.swift */,
			);
			path = Main;
			sourceTree = "<group>";
		};
		1156A2582BD44A390029DA44 /* ViewControllers */ = {
			isa = PBXGroup;
			children = (
				1121C7D62BD9D88100C37C40 /* Stocks */,
				1156A2592BD44A410029DA44 /* Quotes */,
			);
			path = ViewControllers;
			sourceTree = "<group>";
		};
		1156A2592BD44A410029DA44 /* Quotes */ = {
			isa = PBXGroup;
			children = (
				1156A2762BD593060029DA44 /* Cells */,
				1156A2452BD448C60029DA44 /* QuotesViewController.swift */,
				1156A2712BD58D170029DA44 /* QuotesViewModel.swift */,
			);
			path = Quotes;
			sourceTree = "<group>";
		};
		1156A25A2BD44A760029DA44 /* Resources */ = {
			isa = PBXGroup;
			children = (
				1156A24C2BD448C80029DA44 /* LaunchScreen.storyboard */,
				1156A24A2BD448C80029DA44 /* Assets.xcassets */,
			);
			path = Resources;
			sourceTree = "<group>";
		};
		1156A25E2BD44DDC0029DA44 /* Network */ = {
			isa = PBXGroup;
			children = (
				1156A26E2BD478DA0029DA44 /* Codable */,
				1156A2652BD477DC0029DA44 /* Services */,
				1156A25F2BD44DE90029DA44 /* Clients */,
			);
			path = Network;
			sourceTree = "<group>";
		};
		1156A25F2BD44DE90029DA44 /* Clients */ = {
			isa = PBXGroup;
			children = (
				1156A2602BD44E040029DA44 /* WebSocketClient.swift */,
			);
			path = Clients;
			sourceTree = "<group>";
		};
		1156A2652BD477DC0029DA44 /* Services */ = {
			isa = PBXGroup;
			children = (
				1156A2662BD477EC0029DA44 /* Quotes */,
			);
			path = Services;
			sourceTree = "<group>";
		};
		1156A2662BD477EC0029DA44 /* Quotes */ = {
			isa = PBXGroup;
			children = (
				1156A2672BD477FF0029DA44 /* QuotesService.swift */,
				1156A26A2BD478320029DA44 /* QuotesRequest.swift */,
				1156A26C2BD4785C0029DA44 /* Quote.swift */,
			);
			path = Quotes;
			sourceTree = "<group>";
		};
		1156A26E2BD478DA0029DA44 /* Codable */ = {
			isa = PBXGroup;
			children = (
				1156A26F2BD479370029DA44 /* List.swift */,
			);
			path = Codable;
			sourceTree = "<group>";
		};
		1156A2762BD593060029DA44 /* Cells */ = {
			isa = PBXGroup;
			children = (
				1156A2792BD593390029DA44 /* QuotesTabloidCellViewModel.swift */,
				1156A2772BD5932B0029DA44 /* QuotesTabloidCellView.swift */,
			);
			path = Cells;
			sourceTree = "<group>";
		};
		1156A27B2BD5A3290029DA44 /* Views */ = {
			isa = PBXGroup;
			children = (
				1121C7CB2BD99FE100C37C40 /* Image */,
				1156A2862BD686620029DA44 /* LTPView */,
				1156A27E2BD5A4D60029DA44 /* CView.swift */,
				1156A2802BD5A5490029DA44 /* NameView.swift */,
				1156A2822BD5AB1F0029DA44 /* CHGView.swift */,
				1156A2842BD5AC190029DA44 /* PCPView.swift */,
			);
			path = Views;
			sourceTree = "<group>";
		};
		1156A2862BD686620029DA44 /* LTPView */ = {
			isa = PBXGroup;
			children = (
				1156A27C2BD5A3550029DA44 /* LTPView.swift */,
				1156A2872BD686770029DA44 /* LTP.swift */,
			);
			path = LTPView;
			sourceTree = "<group>";
		};
		1156A2892BD695A70029DA44 /* Extensions */ = {
			isa = PBXGroup;
			children = (
				1156A28A2BD695BD0029DA44 /* Array+.swift */,
			);
			path = Extensions;
			sourceTree = "<group>";
		};
/* End PBXGroup section */

/* Begin PBXNativeTarget section */
		1156A23D2BD448C60029DA44 /* VersionSeven */ = {
			isa = PBXNativeTarget;
			buildConfigurationList = 1156A2522BD448C80029DA44 /* Build configuration list for PBXNativeTarget "VersionSeven" */;
			buildPhases = (
				1156A23A2BD448C60029DA44 /* Sources */,
				1156A23B2BD448C60029DA44 /* Frameworks */,
				1156A23C2BD448C60029DA44 /* Resources */,
			);
			buildRules = (
			);
			dependencies = (
			);
			name = VersionSeven;
			packageProductDependencies = (
				1156A25C2BD44D7A0029DA44 /* Starscream */,
				1156A2742BD5911F0029DA44 /* TabloidView */,
				1121C7D12BD9A1BD00C37C40 /* Kingfisher */,
			);
			productName = VersionSeven;
			productReference = 1156A23E2BD448C60029DA44 /* VersionSeven.app */;
			productType = "com.apple.product-type.application";
		};
/* End PBXNativeTarget section */

/* Begin PBXProject section */
		1156A2362BD448C60029DA44 /* Project object */ = {
			isa = PBXProject;
			attributes = {
				BuildIndependentTargetsInParallel = 1;
				LastSwiftUpdateCheck = 1420;
				LastUpgradeCheck = 1420;
				TargetAttributes = {
					1156A23D2BD448C60029DA44 = {
						CreatedOnToolsVersion = 14.2;
					};
				};
			};
			buildConfigurationList = 1156A2392BD448C60029DA44 /* Build configuration list for PBXProject "VersionSeven" */;
			compatibilityVersion = "Xcode 14.0";
			developmentRegion = en;
			hasScannedForEncodings = 0;
			knownRegions = (
				en,
				Base,
			);
			mainGroup = 1156A2352BD448C60029DA44;
			packageReferences = (
				1156A25B2BD44D7A0029DA44 /* XCRemoteSwiftPackageReference "Starscream" */,
				1156A2732BD5911F0029DA44 /* XCRemoteSwiftPackageReference "TabloidView" */,
				1121C7D02BD9A1BC00C37C40 /* XCRemoteSwiftPackageReference "Kingfisher" */,
			);
			productRefGroup = 1156A23F2BD448C60029DA44 /* Products */;
			projectDirPath = "";
			projectRoot = "";
			targets = (
				1156A23D2BD448C60029DA44 /* VersionSeven */,
			);
		};
/* End PBXProject section */

/* Begin PBXResourcesBuildPhase section */
		1156A23C2BD448C60029DA44 /* Resources */ = {
			isa = PBXResourcesBuildPhase;
			buildActionMask = 2147483647;
			files = (
				1156A24E2BD448C80029DA44 /* LaunchScreen.storyboard in Resources */,
				1156A24B2BD448C80029DA44 /* Assets.xcassets in Resources */,
			);
			runOnlyForDeploymentPostprocessing = 0;
		};
/* End PBXResourcesBuildPhase section */

/* Begin PBXSourcesBuildPhase section */
		1156A23A2BD448C60029DA44 /* Sources */ = {
			isa = PBXSourcesBuildPhase;
			buildActionMask = 2147483647;
			files = (
				1121C7D82BD9D89B00C37C40 /* StocksViewController.swift in Sources */,
				1156A2812BD5A5490029DA44 /* NameView.swift in Sources */,
				1156A27A2BD593390029DA44 /* QuotesTabloidCellViewModel.swift in Sources */,
				1156A2462BD448C60029DA44 /* QuotesViewController.swift in Sources */,
				1156A2422BD448C60029DA44 /* AppDelegate.swift in Sources */,
				1156A2882BD686770029DA44 /* LTP.swift in Sources */,
				1156A2702BD479370029DA44 /* List.swift in Sources */,
				1121C7CD2BD99FF200C37C40 /* ImageView.swift in Sources */,
				1156A2832BD5AB1F0029DA44 /* CHGView.swift in Sources */,
				1156A27F2BD5A4D60029DA44 /* CView.swift in Sources */,
				1156A2612BD44E040029DA44 /* WebSocketClient.swift in Sources */,
				1156A2682BD477FF0029DA44 /* QuotesService.swift in Sources */,
				1156A2722BD58D170029DA44 /* QuotesViewModel.swift in Sources */,
				1156A27D2BD5A3550029DA44 /* LTPView.swift in Sources */,
				1156A26D2BD4785C0029DA44 /* Quote.swift in Sources */,
				1156A28B2BD695BD0029DA44 /* Array+.swift in Sources */,
				1156A26B2BD478320029DA44 /* QuotesRequest.swift in Sources */,
				1121C7DA2BD9D8C300C37C40 /* StocksViewModel.swift in Sources */,
				1156A2852BD5AC190029DA44 /* PCPView.swift in Sources */,
				1121C7D52BD9C87600C37C40 /* NavigationController.swift in Sources */,
				1121C7CF2BD9A00100C37C40 /* ImageViewModel.swift in Sources */,
				1156A2782BD5932B0029DA44 /* QuotesTabloidCellView.swift in Sources */,
			);
			runOnlyForDeploymentPostprocessing = 0;
		};
/* End PBXSourcesBuildPhase section */

/* Begin PBXVariantGroup section */
		1156A24C2BD448C80029DA44 /* LaunchScreen.storyboard */ = {
			isa = PBXVariantGroup;
			children = (
				1156A24D2BD448C80029DA44 /* Base */,
			);
			name = LaunchScreen.storyboard;
			sourceTree = "<group>";
		};
/* End PBXVariantGroup section */

/* Begin XCBuildConfiguration section */
		1156A2502BD448C80029DA44 /* Debug */ = {
			isa = XCBuildConfiguration;
			buildSettings = {
				ALWAYS_SEARCH_USER_PATHS = NO;
				CLANG_ANALYZER_NONNULL = YES;
				CLANG_ANALYZER_NUMBER_OBJECT_CONVERSION = YES_AGGRESSIVE;
				CLANG_CXX_LANGUAGE_STANDARD = "gnu++20";
				CLANG_ENABLE_MODULES = YES;
				CLANG_ENABLE_OBJC_ARC = YES;
				CLANG_ENABLE_OBJC_WEAK = YES;
				CLANG_WARN_BLOCK_CAPTURE_AUTORELEASING = YES;
				CLANG_WARN_BOOL_CONVERSION = YES;
				CLANG_WARN_COMMA = YES;
				CLANG_WARN_CONSTANT_CONVERSION = YES;
				CLANG_WARN_DEPRECATED_OBJC_IMPLEMENTATIONS = YES;
				CLANG_WARN_DIRECT_OBJC_ISA_USAGE = YES_ERROR;
				CLANG_WARN_DOCUMENTATION_COMMENTS = YES;
				CLANG_WARN_EMPTY_BODY = YES;
				CLANG_WARN_ENUM_CONVERSION = YES;
				CLANG_WARN_INFINITE_RECURSION = YES;
				CLANG_WARN_INT_CONVERSION = YES;
				CLANG_WARN_NON_LITERAL_NULL_CONVERSION = YES;
				CLANG_WARN_OBJC_IMPLICIT_RETAIN_SELF = YES;
				CLANG_WARN_OBJC_LITERAL_CONVERSION = YES;
				CLANG_WARN_OBJC_ROOT_CLASS = YES_ERROR;
				CLANG_WARN_QUOTED_INCLUDE_IN_FRAMEWORK_HEADER = YES;
				CLANG_WARN_RANGE_LOOP_ANALYSIS = YES;
				CLANG_WARN_STRICT_PROTOTYPES = YES;
				CLANG_WARN_SUSPICIOUS_MOVE = YES;
				CLANG_WARN_UNGUARDED_AVAILABILITY = YES_AGGRESSIVE;
				CLANG_WARN_UNREACHABLE_CODE = YES;
				CLANG_WARN__DUPLICATE_METHOD_MATCH = YES;
				COPY_PHASE_STRIP = NO;
				DEBUG_INFORMATION_FORMAT = dwarf;
				ENABLE_STRICT_OBJC_MSGSEND = YES;
				ENABLE_TESTABILITY = YES;
				GCC_C_LANGUAGE_STANDARD = gnu11;
				GCC_DYNAMIC_NO_PIC = NO;
				GCC_NO_COMMON_BLOCKS = YES;
				GCC_OPTIMIZATION_LEVEL = 0;
				GCC_PREPROCESSOR_DEFINITIONS = (
					"DEBUG=1",
					"$(inherited)",
				);
				GCC_WARN_64_TO_32_BIT_CONVERSION = YES;
				GCC_WARN_ABOUT_RETURN_TYPE = YES_ERROR;
				GCC_WARN_UNDECLARED_SELECTOR = YES;
				GCC_WARN_UNINITIALIZED_AUTOS = YES_AGGRESSIVE;
				GCC_WARN_UNUSED_FUNCTION = YES;
				GCC_WARN_UNUSED_VARIABLE = YES;
				IPHONEOS_DEPLOYMENT_TARGET = 16.2;
				MTL_ENABLE_DEBUG_INFO = INCLUDE_SOURCE;
				MTL_FAST_MATH = YES;
				ONLY_ACTIVE_ARCH = YES;
				SDKROOT = iphoneos;
				SWIFT_ACTIVE_COMPILATION_CONDITIONS = DEBUG;
				SWIFT_OPTIMIZATION_LEVEL = "-Onone";
			};
			name = Debug;
		};
		1156A2512BD448C80029DA44 /* Release */ = {
			isa = XCBuildConfiguration;
			buildSettings = {
				ALWAYS_SEARCH_USER_PATHS = NO;
				CLANG_ANALYZER_NONNULL = YES;
				CLANG_ANALYZER_NUMBER_OBJECT_CONVERSION = YES_AGGRESSIVE;
				CLANG_CXX_LANGUAGE_STANDARD = "gnu++20";
				CLANG_ENABLE_MODULES = YES;
				CLANG_ENABLE_OBJC_ARC = YES;
				CLANG_ENABLE_OBJC_WEAK = YES;
				CLANG_WARN_BLOCK_CAPTURE_AUTORELEASING = YES;
				CLANG_WARN_BOOL_CONVERSION = YES;
				CLANG_WARN_COMMA = YES;
				CLANG_WARN_CONSTANT_CONVERSION = YES;
				CLANG_WARN_DEPRECATED_OBJC_IMPLEMENTATIONS = YES;
				CLANG_WARN_DIRECT_OBJC_ISA_USAGE = YES_ERROR;
				CLANG_WARN_DOCUMENTATION_COMMENTS = YES;
				CLANG_WARN_EMPTY_BODY = YES;
				CLANG_WARN_ENUM_CONVERSION = YES;
				CLANG_WARN_INFINITE_RECURSION = YES;
				CLANG_WARN_INT_CONVERSION = YES;
				CLANG_WARN_NON_LITERAL_NULL_CONVERSION = YES;
				CLANG_WARN_OBJC_IMPLICIT_RETAIN_SELF = YES;
				CLANG_WARN_OBJC_LITERAL_CONVERSION = YES;
				CLANG_WARN_OBJC_ROOT_CLASS = YES_ERROR;
				CLANG_WARN_QUOTED_INCLUDE_IN_FRAMEWORK_HEADER = YES;
				CLANG_WARN_RANGE_LOOP_ANALYSIS = YES;
				CLANG_WARN_STRICT_PROTOTYPES = YES;
				CLANG_WARN_SUSPICIOUS_MOVE = YES;
				CLANG_WARN_UNGUARDED_AVAILABILITY = YES_AGGRESSIVE;
				CLANG_WARN_UNREACHABLE_CODE = YES;
				CLANG_WARN__DUPLICATE_METHOD_MATCH = YES;
				COPY_PHASE_STRIP = NO;
				DEBUG_INFORMATION_FORMAT = "dwarf-with-dsym";
				ENABLE_NS_ASSERTIONS = NO;
				ENABLE_STRICT_OBJC_MSGSEND = YES;
				GCC_C_LANGUAGE_STANDARD = gnu11;
				GCC_NO_COMMON_BLOCKS = YES;
				GCC_WARN_64_TO_32_BIT_CONVERSION = YES;
				GCC_WARN_ABOUT_RETURN_TYPE = YES_ERROR;
				GCC_WARN_UNDECLARED_SELECTOR = YES;
				GCC_WARN_UNINITIALIZED_AUTOS = YES_AGGRESSIVE;
				GCC_WARN_UNUSED_FUNCTION = YES;
				GCC_WARN_UNUSED_VARIABLE = YES;
				IPHONEOS_DEPLOYMENT_TARGET = 16.2;
				MTL_ENABLE_DEBUG_INFO = NO;
				MTL_FAST_MATH = YES;
				SDKROOT = iphoneos;
				SWIFT_COMPILATION_MODE = wholemodule;
				SWIFT_OPTIMIZATION_LEVEL = "-O";
				VALIDATE_PRODUCT = YES;
			};
			name = Release;
		};
		1156A2532BD448C80029DA44 /* Debug */ = {
			isa = XCBuildConfiguration;
			buildSettings = {
				ASSETCATALOG_COMPILER_APPICON_NAME = AppIcon;
				ASSETCATALOG_COMPILER_GLOBAL_ACCENT_COLOR_NAME = AccentColor;
				CODE_SIGN_STYLE = Automatic;
				CURRENT_PROJECT_VERSION = 1;
				GENERATE_INFOPLIST_FILE = YES;
				INFOPLIST_FILE = VersionSeven/Info.plist;
				INFOPLIST_KEY_UIApplicationSupportsIndirectInputEvents = YES;
				INFOPLIST_KEY_UILaunchStoryboardName = LaunchScreen;
				INFOPLIST_KEY_UISupportedInterfaceOrientations = UIInterfaceOrientationPortrait;
				INFOPLIST_KEY_UISupportedInterfaceOrientations_iPad = "UIInterfaceOrientationLandscapeLeft UIInterfaceOrientationLandscapeRight UIInterfaceOrientationPortrait UIInterfaceOrientationPortraitUpsideDown";
				IPHONEOS_DEPLOYMENT_TARGET = 12.0;
				LD_RUNPATH_SEARCH_PATHS = (
					"$(inherited)",
					"@executable_path/Frameworks",
				);
				MARKETING_VERSION = 1.0.0;
				PRODUCT_BUNDLE_IDENTIFIER = alt.software.VersionSeven;
				PRODUCT_NAME = "$(TARGET_NAME)";
				SUPPORTED_PLATFORMS = "iphoneos iphonesimulator";
				SUPPORTS_MACCATALYST = NO;
				SUPPORTS_MAC_DESIGNED_FOR_IPHONE_IPAD = NO;
				SWIFT_EMIT_LOC_STRINGS = YES;
				SWIFT_VERSION = 5.0;
				TARGETED_DEVICE_FAMILY = 1;
			};
			name = Debug;
		};
		1156A2542BD448C80029DA44 /* Release */ = {
			isa = XCBuildConfiguration;
			buildSettings = {
				ASSETCATALOG_COMPILER_APPICON_NAME = AppIcon;
				ASSETCATALOG_COMPILER_GLOBAL_ACCENT_COLOR_NAME = AccentColor;
				CODE_SIGN_STYLE = Automatic;
				CURRENT_PROJECT_VERSION = 1;
				GENERATE_INFOPLIST_FILE = YES;
				INFOPLIST_FILE = VersionSeven/Info.plist;
				INFOPLIST_KEY_UIApplicationSupportsIndirectInputEvents = YES;
				INFOPLIST_KEY_UILaunchStoryboardName = LaunchScreen;
				INFOPLIST_KEY_UISupportedInterfaceOrientations = UIInterfaceOrientationPortrait;
				INFOPLIST_KEY_UISupportedInterfaceOrientations_iPad = "UIInterfaceOrientationLandscapeLeft UIInterfaceOrientationLandscapeRight UIInterfaceOrientationPortrait UIInterfaceOrientationPortraitUpsideDown";
				IPHONEOS_DEPLOYMENT_TARGET = 12.0;
				LD_RUNPATH_SEARCH_PATHS = (
					"$(inherited)",
					"@executable_path/Frameworks",
				);
				MARKETING_VERSION = 1.0.0;
				PRODUCT_BUNDLE_IDENTIFIER = alt.software.VersionSeven;
				PRODUCT_NAME = "$(TARGET_NAME)";
				SUPPORTED_PLATFORMS = "iphoneos iphonesimulator";
				SUPPORTS_MACCATALYST = NO;
				SUPPORTS_MAC_DESIGNED_FOR_IPHONE_IPAD = NO;
				SWIFT_EMIT_LOC_STRINGS = YES;
				SWIFT_VERSION = 5.0;
				TARGETED_DEVICE_FAMILY = 1;
			};
			name = Release;
		};
/* End XCBuildConfiguration section */

/* Begin XCConfigurationList section */
		1156A2392BD448C60029DA44 /* Build configuration list for PBXProject "VersionSeven" */ = {
			isa = XCConfigurationList;
			buildConfigurations = (
				1156A2502BD448C80029DA44 /* Debug */,
				1156A2512BD448C80029DA44 /* Release */,
			);
			defaultConfigurationIsVisible = 0;
			defaultConfigurationName = Release;
		};
		1156A2522BD448C80029DA44 /* Build configuration list for PBXNativeTarget "VersionSeven" */ = {
			isa = XCConfigurationList;
			buildConfigurations = (
				1156A2532BD448C80029DA44 /* Debug */,
				1156A2542BD448C80029DA44 /* Release */,
			);
			defaultConfigurationIsVisible = 0;
			defaultConfigurationName = Release;
		};
/* End XCConfigurationList section */

/* Begin XCRemoteSwiftPackageReference section */
		1121C7D02BD9A1BC00C37C40 /* XCRemoteSwiftPackageReference "Kingfisher" */ = {
			isa = XCRemoteSwiftPackageReference;
			repositoryURL = "https://github.com/onevcat/Kingfisher";
			requirement = {
				kind = upToNextMajorVersion;
				minimumVersion = 7.11.0;
			};
		};
		1156A25B2BD44D7A0029DA44 /* XCRemoteSwiftPackageReference "Starscream" */ = {
			isa = XCRemoteSwiftPackageReference;
			repositoryURL = "https://github.com/daltoniam/Starscream.git";
			requirement = {
				kind = exactVersion;
				version = 4.0.8;
			};
		};
		1156A2732BD5911F0029DA44 /* XCRemoteSwiftPackageReference "TabloidView" */ = {
			isa = XCRemoteSwiftPackageReference;
			repositoryURL = "https://github.com/AlexanderKadyrov/TabloidView";
			requirement = {
				kind = exactVersion;
				version = 3.0.1;
			};
		};
/* End XCRemoteSwiftPackageReference section */

/* Begin XCSwiftPackageProductDependency section */
		1121C7D12BD9A1BD00C37C40 /* Kingfisher */ = {
			isa = XCSwiftPackageProductDependency;
			package = 1121C7D02BD9A1BC00C37C40 /* XCRemoteSwiftPackageReference "Kingfisher" */;
			productName = Kingfisher;
		};
		1156A25C2BD44D7A0029DA44 /* Starscream */ = {
			isa = XCSwiftPackageProductDependency;
			package = 1156A25B2BD44D7A0029DA44 /* XCRemoteSwiftPackageReference "Starscream" */;
			productName = Starscream;
		};
		1156A2742BD5911F0029DA44 /* TabloidView */ = {
			isa = XCSwiftPackageProductDependency;
			package = 1156A2732BD5911F0029DA44 /* XCRemoteSwiftPackageReference "TabloidView" */;
			productName = TabloidView;
		};
/* End XCSwiftPackageProductDependency section */
	};
	rootObject = 1156A2362BD448C60029DA44 /* Project object */;
}
